
Microsoft Visual Studio Solution File, Format Version 12.00
# Visual Studio 2012
Project("{FAE04EC0-301F-11D3-BF4B-00C04F79EFBC}") = "CodingDojo_Intervals", "CodingDojo_Intervals\CodingDojo_Intervals.csproj", "{27F56F45-97C3-4AB1-84C9-EA40DB54F566}"
EndProject
Project("{FAE04EC0-301F-11D3-BF4B-00C04F79EFBC}") = "CodingDojo_Interval.Tests", "CodingDojo_Interval.Tests\CodingDojo_Interval.Tests.csproj", "{9211CBED-BF14-4CC5-B0AA-751E8259963D}"
EndProject
Global
	GlobalSection(SolutionConfigurationPlatforms) = preSolution
		Debug|Any CPU = Debug|Any CPU
		Release|Any CPU = Release|Any CPU
	EndGlobalSection
	GlobalSection(ProjectConfigurationPlatforms) = postSolution
		{27F56F45-97C3-4AB1-84C9-EA40DB54F566}.Debug|Any CPU.ActiveCfg = Debug|Any CPU
		{27F56F45-97C3-4AB1-84C9-EA40DB54F566}.Debug|Any CPU.Build.0 = Debug|Any CPU
		{27F56F45-97C3-4AB1-84C9-EA40DB54F566}.Release|Any CPU.ActiveCfg = Release|Any CPU
		{27F56F45-97C3-4AB1-84C9-EA40DB54F566}.Release|Any CPU.Build.0 = Release|Any CPU
		{9211CBED-BF14-4CC5-B0AA-751E8259963D}.Debug|Any CPU.ActiveCfg = Debug|Any CPU
		{9211CBED-BF14-4CC5-B0AA-751E8259963D}.Debug|Any CPU.Build.0 = Debug|Any CPU
		{9211CBED-BF14-4CC5-B0AA-751E8259963D}.Release|Any CPU.ActiveCfg = Release|Any CPU
		{9211CBED-BF14-4CC5-B0AA-751E8259963D}.Release|Any CPU.Build.0 = Release|Any CPU
	EndGlobalSection
	GlobalSection(SolutionProperties) = preSolution
		HideSolutionNode = FALSE
	EndGlobalSection
EndGlobal
